
Microsoft Visual Studio Solution File, Format Version 12.00
# Visual Studio Version 17
VisualStudioVersion = 17.8.34525.116
MinimumVisualStudioVersion = 10.0.40219.1
Project("{FAE04EC0-301F-11D3-BF4B-00C04F79EFBC}") = "Tickets.API", "Tickets.API\Tickets.API.csproj", "{856AF8E3-67C0-4160-B82B-19267997D09D}"
EndProject
Global
	GlobalSection(SolutionConfigurationPlatforms) = preSolution
		Debug|Any CPU = Debug|Any CPU
		Release|Any CPU = Release|Any CPU
	EndGlobalSection
	GlobalSection(ProjectConfigurationPlatforms) = postSolution
		{856AF8E3-67C0-4160-B82B-19267997D09D}.Debug|Any CPU.ActiveCfg = Debug|Any CPU
		{856AF8E3-67C0-4160-B82B-19267997D09D}.Debug|Any CPU.Build.0 = Debug|Any CPU
		{856AF8E3-67C0-4160-B82B-19267997D09D}.Release|Any CPU.ActiveCfg = Release|Any CPU
		{856AF8E3-67C0-4160-B82B-19267997D09D}.Release|Any CPU.Build.0 = Release|Any CPU
	EndGlobalSection
	GlobalSection(SolutionProperties) = preSolution
		HideSolutionNode = FALSE
	EndGlobalSection
	GlobalSection(ExtensibilityGlobals) = postSolution
		SolutionGuid = {7D3EC0BC-A105-4716-A8BA-884D48DAFB2F}
	EndGlobalSection
EndGlobal
